// !$*UTF8*$!
{
	archiveVersion = 1;
	classes = {
	};
	objectVersion = 50;
	objects = {

/* Begin PBXBuildFile section */
		CE66891A22D08CC200C61892 /* libavcodec.a in Frameworks */ = {isa = PBXBuildFile; fileRef = CE66891322D08CC100C61892 /* libavcodec.a */; };
		CE66891B22D08CC200C61892 /* libavfilter.a in Frameworks */ = {isa = PBXBuildFile; fileRef = CE66891422D08CC100C61892 /* libavfilter.a */; };
		CE66891C22D08CC200C61892 /* libavformat.a in Frameworks */ = {isa = PBXBuildFile; fileRef = CE66891522D08CC100C61892 /* libavformat.a */; };
		CE66891D22D08CC200C61892 /* libavutil.a in Frameworks */ = {isa = PBXBuildFile; fileRef = CE66891622D08CC100C61892 /* libavutil.a */; };
		CE66891E22D08CC200C61892 /* libswresample.a in Frameworks */ = {isa = PBXBuildFile; fileRef = CE66891722D08CC100C61892 /* libswresample.a */; };
		CE66891F22D08CC200C61892 /* libavdevice.a in Frameworks */ = {isa = PBXBuildFile; fileRef = CE66891822D08CC100C61892 /* libavdevice.a */; };
		CE66892022D08CC200C61892 /* libswscale.a in Frameworks */ = {isa = PBXBuildFile; fileRef = CE66891922D08CC200C61892 /* libswscale.a */; };
		CE66892222D08D2B00C61892 /* libz.tbd in Frameworks */ = {isa = PBXBuildFile; fileRef = CE66892122D08D2B00C61892 /* libz.tbd */; };
		CE66892422D08D3E00C61892 /* libbz2.tbd in Frameworks */ = {isa = PBXBuildFile; fileRef = CE66892322D08D3E00C61892 /* libbz2.tbd */; };
		CE66892622D08D4F00C61892 /* libiconv.tbd in Frameworks */ = {isa = PBXBuildFile; fileRef = CE66892522D08D4F00C61892 /* libiconv.tbd */; };
		CE66892822D090F700C61892 /* VideoToolbox.framework in Frameworks */ = {isa = PBXBuildFile; fileRef = CE66892722D090F700C61892 /* VideoToolbox.framework */; };
		CE66892A22D091B100C61892 /* CoreMedia.framework in Frameworks */ = {isa = PBXBuildFile; fileRef = CE66892922D091B100C61892 /* CoreMedia.framework */; };
		CE66892C22D0A09600C61892 /* videoplayer.m in Sources */ = {isa = PBXBuildFile; fileRef = CE66892B22D0A09600C61892 /* videoplayer.m */; };
		CE868FDB22D9CBB9007F9F16 /* MessageHandler.swift in Sources */ = {isa = PBXBuildFile; fileRef = CE868FDA22D9CBB9007F9F16 /* MessageHandler.swift */; };
		CE868FDF22D9E1A3007F9F16 /* VoipManager.swift in Sources */ = {isa = PBXBuildFile; fileRef = CE868FDE22D9E1A3007F9F16 /* VoipManager.swift */; };
		CECD15BD22CF6430007D3497 /* AppDelegate.swift in Sources */ = {isa = PBXBuildFile; fileRef = CECD15BC22CF6430007D3497 /* AppDelegate.swift */; };
		CECD15BF22CF6430007D3497 /* ViewController.swift in Sources */ = {isa = PBXBuildFile; fileRef = CECD15BE22CF6430007D3497 /* ViewController.swift */; };
		CECD15C222CF6430007D3497 /* Main.storyboard in Resources */ = {isa = PBXBuildFile; fileRef = CECD15C022CF6430007D3497 /* Main.storyboard */; };
		CECD15C422CF6431007D3497 /* Assets.xcassets in Resources */ = {isa = PBXBuildFile; fileRef = CECD15C322CF6431007D3497 /* Assets.xcassets */; };
		CECD15C722CF6431007D3497 /* LaunchScreen.storyboard in Resources */ = {isa = PBXBuildFile; fileRef = CECD15C522CF6431007D3497 /* LaunchScreen.storyboard */; };
		CECD15D122CF651F007D3497 /* AVFoundation.framework in Frameworks */ = {isa = PBXBuildFile; fileRef = CECD15CF22CF651F007D3497 /* AVFoundation.framework */; };
		CECD15D222CF651F007D3497 /* AudioToolbox.framework in Frameworks */ = {isa = PBXBuildFile; fileRef = CECD15D022CF651F007D3497 /* AudioToolbox.framework */; };
		CECD15E822CF6534007D3497 /* libpjsdp.a in Frameworks */ = {isa = PBXBuildFile; fileRef = CECD15D322CF6533007D3497 /* libpjsdp.a */; };
		CECD15E922CF6534007D3497 /* libsrtp.a in Frameworks */ = {isa = PBXBuildFile; fileRef = CECD15D422CF6533007D3497 /* libsrtp.a */; };
		CECD15EA22CF6534007D3497 /* libresample.a in Frameworks */ = {isa = PBXBuildFile; fileRef = CECD15D522CF6533007D3497 /* libresample.a */; };
		CECD15EB22CF6534007D3497 /* libpjsua.a in Frameworks */ = {isa = PBXBuildFile; fileRef = CECD15D622CF6533007D3497 /* libpjsua.a */; };
		CECD15EC22CF6534007D3497 /* libg7221codec.a in Frameworks */ = {isa = PBXBuildFile; fileRef = CECD15D722CF6533007D3497 /* libg7221codec.a */; };
		CECD15ED22CF6534007D3497 /* libgsmcodec.a in Frameworks */ = {isa = PBXBuildFile; fileRef = CECD15D822CF6533007D3497 /* libgsmcodec.a */; };
		CECD15EE22CF6534007D3497 /* libwebrtc.a in Frameworks */ = {isa = PBXBuildFile; fileRef = CECD15D922CF6533007D3497 /* libwebrtc.a */; };
		CECD15EF22CF6534007D3497 /* libpjmedia-audiodev.a in Frameworks */ = {isa = PBXBuildFile; fileRef = CECD15DA22CF6534007D3497 /* libpjmedia-audiodev.a */; };
		CECD15F022CF6534007D3497 /* libspeex.a in Frameworks */ = {isa = PBXBuildFile; fileRef = CECD15DB22CF6534007D3497 /* libspeex.a */; };
		CECD15F122CF6534007D3497 /* libyuv.a in Frameworks */ = {isa = PBXBuildFile; fileRef = CECD15DC22CF6534007D3497 /* libyuv.a */; };
		CECD15F222CF6534007D3497 /* libpjmedia.a in Frameworks */ = {isa = PBXBuildFile; fileRef = CECD15DD22CF6534007D3497 /* libpjmedia.a */; };
		CECD15F322CF6534007D3497 /* libpjnath.a in Frameworks */ = {isa = PBXBuildFile; fileRef = CECD15DE22CF6534007D3497 /* libpjnath.a */; };
		CECD15F422CF6534007D3497 /* libpjmedia-videodev.a in Frameworks */ = {isa = PBXBuildFile; fileRef = CECD15DF22CF6534007D3497 /* libpjmedia-videodev.a */; };
		CECD15F522CF6534007D3497 /* libpj.a in Frameworks */ = {isa = PBXBuildFile; fileRef = CECD15E022CF6534007D3497 /* libpj.a */; };
		CECD15F622CF6534007D3497 /* libpjsip-ua.a in Frameworks */ = {isa = PBXBuildFile; fileRef = CECD15E122CF6534007D3497 /* libpjsip-ua.a */; };
		CECD15F722CF6534007D3497 /* libpjsua2.a in Frameworks */ = {isa = PBXBuildFile; fileRef = CECD15E222CF6534007D3497 /* libpjsua2.a */; };
		CECD15F822CF6534007D3497 /* libilbccodec.a in Frameworks */ = {isa = PBXBuildFile; fileRef = CECD15E322CF6534007D3497 /* libilbccodec.a */; };
		CECD15F922CF6534007D3497 /* libpjlib-util.a in Frameworks */ = {isa = PBXBuildFile; fileRef = CECD15E422CF6534007D3497 /* libpjlib-util.a */; };
		CECD15FA22CF6534007D3497 /* libpjsip-simple.a in Frameworks */ = {isa = PBXBuildFile; fileRef = CECD15E522CF6534007D3497 /* libpjsip-simple.a */; };
		CECD15FB22CF6534007D3497 /* libpjsip.a in Frameworks */ = {isa = PBXBuildFile; fileRef = CECD15E622CF6534007D3497 /* libpjsip.a */; };
		CECD15FC22CF6534007D3497 /* libpjmedia-codec.a in Frameworks */ = {isa = PBXBuildFile; fileRef = CECD15E722CF6534007D3497 /* libpjmedia-codec.a */; };
		CECD15FF22CF65DF007D3497 /* voip.m in Sources */ = {isa = PBXBuildFile; fileRef = CECD15FE22CF65DF007D3497 /* voip.m */; };
/* End PBXBuildFile section */

/* Begin PBXFileReference section */
		CE66891322D08CC100C61892 /* libavcodec.a */ = {isa = PBXFileReference; lastKnownFileType = archive.ar; name = libavcodec.a; path = "FFmpeg-iOS/lib/libavcodec.a"; sourceTree = "<group>"; };
		CE66891422D08CC100C61892 /* libavfilter.a */ = {isa = PBXFileReference; lastKnownFileType = archive.ar; name = libavfilter.a; path = "FFmpeg-iOS/lib/libavfilter.a"; sourceTree = "<group>"; };
		CE66891522D08CC100C61892 /* libavformat.a */ = {isa = PBXFileReference; lastKnownFileType = archive.ar; name = libavformat.a; path = "FFmpeg-iOS/lib/libavformat.a"; sourceTree = "<group>"; };
		CE66891622D08CC100C61892 /* libavutil.a */ = {isa = PBXFileReference; lastKnownFileType = archive.ar; name = libavutil.a; path = "FFmpeg-iOS/lib/libavutil.a"; sourceTree = "<group>"; };
		CE66891722D08CC100C61892 /* libswresample.a */ = {isa = PBXFileReference; lastKnownFileType = archive.ar; name = libswresample.a; path = "FFmpeg-iOS/lib/libswresample.a"; sourceTree = "<group>"; };
		CE66891822D08CC100C61892 /* libavdevice.a */ = {isa = PBXFileReference; lastKnownFileType = archive.ar; name = libavdevice.a; path = "FFmpeg-iOS/lib/libavdevice.a"; sourceTree = "<group>"; };
		CE66891922D08CC200C61892 /* libswscale.a */ = {isa = PBXFileReference; lastKnownFileType = archive.ar; name = libswscale.a; path = "FFmpeg-iOS/lib/libswscale.a"; sourceTree = "<group>"; };
		CE66892122D08D2B00C61892 /* libz.tbd */ = {isa = PBXFileReference; lastKnownFileType = "sourcecode.text-based-dylib-definition"; name = libz.tbd; path = usr/lib/libz.tbd; sourceTree = SDKROOT; };
		CE66892322D08D3E00C61892 /* libbz2.tbd */ = {isa = PBXFileReference; lastKnownFileType = "sourcecode.text-based-dylib-definition"; name = libbz2.tbd; path = usr/lib/libbz2.tbd; sourceTree = SDKROOT; };
		CE66892522D08D4F00C61892 /* libiconv.tbd */ = {isa = PBXFileReference; lastKnownFileType = "sourcecode.text-based-dylib-definition"; name = libiconv.tbd; path = usr/lib/libiconv.tbd; sourceTree = SDKROOT; };
		CE66892722D090F700C61892 /* VideoToolbox.framework */ = {isa = PBXFileReference; lastKnownFileType = wrapper.framework; name = VideoToolbox.framework; path = System/Library/Frameworks/VideoToolbox.framework; sourceTree = SDKROOT; };
		CE66892922D091B100C61892 /* CoreMedia.framework */ = {isa = PBXFileReference; lastKnownFileType = wrapper.framework; name = CoreMedia.framework; path = System/Library/Frameworks/CoreMedia.framework; sourceTree = SDKROOT; };
		CE66892B22D0A09600C61892 /* videoplayer.m */ = {isa = PBXFileReference; lastKnownFileType = sourcecode.c.objc; path = videoplayer.m; sourceTree = "<group>"; };
		CE66892D22D0A0B000C61892 /* videoplayer.h */ = {isa = PBXFileReference; lastKnownFileType = sourcecode.c.h; path = videoplayer.h; sourceTree = "<group>"; };
		CE868FDA22D9CBB9007F9F16 /* MessageHandler.swift */ = {isa = PBXFileReference; lastKnownFileType = sourcecode.swift; path = MessageHandler.swift; sourceTree = "<group>"; };
		CE868FDE22D9E1A3007F9F16 /* VoipManager.swift */ = {isa = PBXFileReference; lastKnownFileType = sourcecode.swift; path = VoipManager.swift; sourceTree = "<group>"; };
		CECD15B922CF6430007D3497 /* Hello.app */ = {isa = PBXFileReference; explicitFileType = wrapper.application; includeInIndex = 0; path = Hello.app; sourceTree = BUILT_PRODUCTS_DIR; };
		CECD15BC22CF6430007D3497 /* AppDelegate.swift */ = {isa = PBXFileReference; lastKnownFileType = sourcecode.swift; path = AppDelegate.swift; sourceTree = "<group>"; };
		CECD15BE22CF6430007D3497 /* ViewController.swift */ = {isa = PBXFileReference; lastKnownFileType = sourcecode.swift; path = ViewController.swift; sourceTree = "<group>"; };
		CECD15C122CF6430007D3497 /* Base */ = {isa = PBXFileReference; lastKnownFileType = file.storyboard; name = Base; path = Base.lproj/Main.storyboard; sourceTree = "<group>"; };
		CECD15C322CF6431007D3497 /* Assets.xcassets */ = {isa = PBXFileReference; lastKnownFileType = folder.assetcatalog; path = Assets.xcassets; sourceTree = "<group>"; };
		CECD15C622CF6431007D3497 /* Base */ = {isa = PBXFileReference; lastKnownFileType = file.storyboard; name = Base; path = Base.lproj/LaunchScreen.storyboard; sourceTree = "<group>"; };
		CECD15C822CF6431007D3497 /* Info.plist */ = {isa = PBXFileReference; lastKnownFileType = text.plist.xml; path = Info.plist; sourceTree = "<group>"; };
		CECD15CF22CF651F007D3497 /* AVFoundation.framework */ = {isa = PBXFileReference; lastKnownFileType = wrapper.framework; name = AVFoundation.framework; path = System/Library/Frameworks/AVFoundation.framework; sourceTree = SDKROOT; };
		CECD15D022CF651F007D3497 /* AudioToolbox.framework */ = {isa = PBXFileReference; lastKnownFileType = wrapper.framework; name = AudioToolbox.framework; path = System/Library/Frameworks/AudioToolbox.framework; sourceTree = SDKROOT; };
		CECD15D322CF6533007D3497 /* libpjsdp.a */ = {isa = PBXFileReference; lastKnownFileType = archive.ar; name = libpjsdp.a; path = pjsip/lib/libpjsdp.a; sourceTree = "<group>"; };
		CECD15D422CF6533007D3497 /* libsrtp.a */ = {isa = PBXFileReference; lastKnownFileType = archive.ar; name = libsrtp.a; path = pjsip/lib/libsrtp.a; sourceTree = "<group>"; };
		CECD15D522CF6533007D3497 /* libresample.a */ = {isa = PBXFileReference; lastKnownFileType = archive.ar; name = libresample.a; path = pjsip/lib/libresample.a; sourceTree = "<group>"; };
		CECD15D622CF6533007D3497 /* libpjsua.a */ = {isa = PBXFileReference; lastKnownFileType = archive.ar; name = libpjsua.a; path = pjsip/lib/libpjsua.a; sourceTree = "<group>"; };
		CECD15D722CF6533007D3497 /* libg7221codec.a */ = {isa = PBXFileReference; lastKnownFileType = archive.ar; name = libg7221codec.a; path = pjsip/lib/libg7221codec.a; sourceTree = "<group>"; };
		CECD15D822CF6533007D3497 /* libgsmcodec.a */ = {isa = PBXFileReference; lastKnownFileType = archive.ar; name = libgsmcodec.a; path = pjsip/lib/libgsmcodec.a; sourceTree = "<group>"; };
		CECD15D922CF6533007D3497 /* libwebrtc.a */ = {isa = PBXFileReference; lastKnownFileType = archive.ar; name = libwebrtc.a; path = pjsip/lib/libwebrtc.a; sourceTree = "<group>"; };
		CECD15DA22CF6534007D3497 /* libpjmedia-audiodev.a */ = {isa = PBXFileReference; lastKnownFileType = archive.ar; name = "libpjmedia-audiodev.a"; path = "pjsip/lib/libpjmedia-audiodev.a"; sourceTree = "<group>"; };
		CECD15DB22CF6534007D3497 /* libspeex.a */ = {isa = PBXFileReference; lastKnownFileType = archive.ar; name = libspeex.a; path = pjsip/lib/libspeex.a; sourceTree = "<group>"; };
		CECD15DC22CF6534007D3497 /* libyuv.a */ = {isa = PBXFileReference; lastKnownFileType = archive.ar; name = libyuv.a; path = pjsip/lib/libyuv.a; sourceTree = "<group>"; };
		CECD15DD22CF6534007D3497 /* libpjmedia.a */ = {isa = PBXFileReference; lastKnownFileType = archive.ar; name = libpjmedia.a; path = pjsip/lib/libpjmedia.a; sourceTree = "<group>"; };
		CECD15DE22CF6534007D3497 /* libpjnath.a */ = {isa = PBXFileReference; lastKnownFileType = archive.ar; name = libpjnath.a; path = pjsip/lib/libpjnath.a; sourceTree = "<group>"; };
		CECD15DF22CF6534007D3497 /* libpjmedia-videodev.a */ = {isa = PBXFileReference; lastKnownFileType = archive.ar; name = "libpjmedia-videodev.a"; path = "pjsip/lib/libpjmedia-videodev.a"; sourceTree = "<group>"; };
		CECD15E022CF6534007D3497 /* libpj.a */ = {isa = PBXFileReference; lastKnownFileType = archive.ar; name = libpj.a; path = pjsip/lib/libpj.a; sourceTree = "<group>"; };
		CECD15E122CF6534007D3497 /* libpjsip-ua.a */ = {isa = PBXFileReference; lastKnownFileType = archive.ar; name = "libpjsip-ua.a"; path = "pjsip/lib/libpjsip-ua.a"; sourceTree = "<group>"; };
		CECD15E222CF6534007D3497 /* libpjsua2.a */ = {isa = PBXFileReference; lastKnownFileType = archive.ar; name = libpjsua2.a; path = pjsip/lib/libpjsua2.a; sourceTree = "<group>"; };
		CECD15E322CF6534007D3497 /* libilbccodec.a */ = {isa = PBXFileReference; lastKnownFileType = archive.ar; name = libilbccodec.a; path = pjsip/lib/libilbccodec.a; sourceTree = "<group>"; };
		CECD15E422CF6534007D3497 /* libpjlib-util.a */ = {isa = PBXFileReference; lastKnownFileType = archive.ar; name = "libpjlib-util.a"; path = "pjsip/lib/libpjlib-util.a"; sourceTree = "<group>"; };
		CECD15E522CF6534007D3497 /* libpjsip-simple.a */ = {isa = PBXFileReference; lastKnownFileType = archive.ar; name = "libpjsip-simple.a"; path = "pjsip/lib/libpjsip-simple.a"; sourceTree = "<group>"; };
		CECD15E622CF6534007D3497 /* libpjsip.a */ = {isa = PBXFileReference; lastKnownFileType = archive.ar; name = libpjsip.a; path = pjsip/lib/libpjsip.a; sourceTree = "<group>"; };
		CECD15E722CF6534007D3497 /* libpjmedia-codec.a */ = {isa = PBXFileReference; lastKnownFileType = archive.ar; name = "libpjmedia-codec.a"; path = "pjsip/lib/libpjmedia-codec.a"; sourceTree = "<group>"; };
		CECD15FD22CF65DF007D3497 /* Hello-Bridging-Header.h */ = {isa = PBXFileReference; lastKnownFileType = sourcecode.c.h; path = "Hello-Bridging-Header.h"; sourceTree = "<group>"; };
		CECD15FE22CF65DF007D3497 /* voip.m */ = {isa = PBXFileReference; lastKnownFileType = sourcecode.c.objc; path = voip.m; sourceTree = "<group>"; };
		CECD160022CF65FA007D3497 /* voip.h */ = {isa = PBXFileReference; lastKnownFileType = sourcecode.c.h; path = voip.h; sourceTree = "<group>"; };
/* End PBXFileReference section */

/* Begin PBXFrameworksBuildPhase section */
		CECD15B622CF6430007D3497 /* Frameworks */ = {
			isa = PBXFrameworksBuildPhase;
			buildActionMask = 2147483647;
			files = (
				CE66892A22D091B100C61892 /* CoreMedia.framework in Frameworks */,
				CE66892822D090F700C61892 /* VideoToolbox.framework in Frameworks */,
				CE66892622D08D4F00C61892 /* libiconv.tbd in Frameworks */,
				CE66892422D08D3E00C61892 /* libbz2.tbd in Frameworks */,
				CE66892222D08D2B00C61892 /* libz.tbd in Frameworks */,
				CE66891A22D08CC200C61892 /* libavcodec.a in Frameworks */,
				CE66891B22D08CC200C61892 /* libavfilter.a in Frameworks */,
				CE66891C22D08CC200C61892 /* libavformat.a in Frameworks */,
				CE66891D22D08CC200C61892 /* libavutil.a in Frameworks */,
				CE66891E22D08CC200C61892 /* libswresample.a in Frameworks */,
				CE66891F22D08CC200C61892 /* libavdevice.a in Frameworks */,
				CE66892022D08CC200C61892 /* libswscale.a in Frameworks */,
				CECD15E822CF6534007D3497 /* libpjsdp.a in Frameworks */,
				CECD15E922CF6534007D3497 /* libsrtp.a in Frameworks */,
				CECD15EA22CF6534007D3497 /* libresample.a in Frameworks */,
				CECD15EB22CF6534007D3497 /* libpjsua.a in Frameworks */,
				CECD15EC22CF6534007D3497 /* libg7221codec.a in Frameworks */,
				CECD15ED22CF6534007D3497 /* libgsmcodec.a in Frameworks */,
				CECD15EE22CF6534007D3497 /* libwebrtc.a in Frameworks */,
				CECD15EF22CF6534007D3497 /* libpjmedia-audiodev.a in Frameworks */,
				CECD15F022CF6534007D3497 /* libspeex.a in Frameworks */,
				CECD15F122CF6534007D3497 /* libyuv.a in Frameworks */,
				CECD15F222CF6534007D3497 /* libpjmedia.a in Frameworks */,
				CECD15F322CF6534007D3497 /* libpjnath.a in Frameworks */,
				CECD15F422CF6534007D3497 /* libpjmedia-videodev.a in Frameworks */,
				CECD15F522CF6534007D3497 /* libpj.a in Frameworks */,
				CECD15F622CF6534007D3497 /* libpjsip-ua.a in Frameworks */,
				CECD15F722CF6534007D3497 /* libpjsua2.a in Frameworks */,
				CECD15F822CF6534007D3497 /* libilbccodec.a in Frameworks */,
				CECD15F922CF6534007D3497 /* libpjlib-util.a in Frameworks */,
				CECD15FA22CF6534007D3497 /* libpjsip-simple.a in Frameworks */,
				CECD15FB22CF6534007D3497 /* libpjsip.a in Frameworks */,
				CECD15FC22CF6534007D3497 /* libpjmedia-codec.a in Frameworks */,
				CECD15D122CF651F007D3497 /* AVFoundation.framework in Frameworks */,
				CECD15D222CF651F007D3497 /* AudioToolbox.framework in Frameworks */,
			);
			runOnlyForDeploymentPostprocessing = 0;
		};
/* End PBXFrameworksBuildPhase section */

/* Begin PBXGroup section */
		CECD15B022CF6430007D3497 = {
			isa = PBXGroup;
			children = (
				CECD15BB22CF6430007D3497 /* Hello */,
				CECD15BA22CF6430007D3497 /* Products */,
				CECD15CE22CF651F007D3497 /* Frameworks */,
			);
			sourceTree = "<group>";
		};
		CECD15BA22CF6430007D3497 /* Products */ = {
			isa = PBXGroup;
			children = (
				CECD15B922CF6430007D3497 /* Hello.app */,
			);
			name = Products;
			sourceTree = "<group>";
		};
		CECD15BB22CF6430007D3497 /* Hello */ = {
			isa = PBXGroup;
			children = (
				CECD15BC22CF6430007D3497 /* AppDelegate.swift */,
				CECD15BE22CF6430007D3497 /* ViewController.swift */,
				CECD15C022CF6430007D3497 /* Main.storyboard */,
				CECD15C322CF6431007D3497 /* Assets.xcassets */,
				CECD15C522CF6431007D3497 /* LaunchScreen.storyboard */,
				CECD15C822CF6431007D3497 /* Info.plist */,
				CECD15FE22CF65DF007D3497 /* voip.m */,
				CECD15FD22CF65DF007D3497 /* Hello-Bridging-Header.h */,
				CECD160022CF65FA007D3497 /* voip.h */,
				CE66892B22D0A09600C61892 /* videoplayer.m */,
				CE66892D22D0A0B000C61892 /* videoplayer.h */,
				CE868FDA22D9CBB9007F9F16 /* MessageHandler.swift */,
				CE868FDE22D9E1A3007F9F16 /* VoipManager.swift */,
			);
			path = Hello;
			sourceTree = "<group>";
		};
		CECD15CE22CF651F007D3497 /* Frameworks */ = {
			isa = PBXGroup;
			children = (
				CE66892922D091B100C61892 /* CoreMedia.framework */,
				CE66892722D090F700C61892 /* VideoToolbox.framework */,
				CE66892522D08D4F00C61892 /* libiconv.tbd */,
				CE66892322D08D3E00C61892 /* libbz2.tbd */,
				CE66892122D08D2B00C61892 /* libz.tbd */,
				CE66891322D08CC100C61892 /* libavcodec.a */,
				CE66891822D08CC100C61892 /* libavdevice.a */,
				CE66891422D08CC100C61892 /* libavfilter.a */,
				CE66891522D08CC100C61892 /* libavformat.a */,
				CE66891622D08CC100C61892 /* libavutil.a */,
				CE66891722D08CC100C61892 /* libswresample.a */,
				CE66891922D08CC200C61892 /* libswscale.a */,
				CECD15D722CF6533007D3497 /* libg7221codec.a */,
				CECD15D822CF6533007D3497 /* libgsmcodec.a */,
				CECD15E322CF6534007D3497 /* libilbccodec.a */,
				CECD15E022CF6534007D3497 /* libpj.a */,
				CECD15E422CF6534007D3497 /* libpjlib-util.a */,
				CECD15DA22CF6534007D3497 /* libpjmedia-audiodev.a */,
				CECD15E722CF6534007D3497 /* libpjmedia-codec.a */,
				CECD15DF22CF6534007D3497 /* libpjmedia-videodev.a */,
				CECD15DD22CF6534007D3497 /* libpjmedia.a */,
				CECD15DE22CF6534007D3497 /* libpjnath.a */,
				CECD15D322CF6533007D3497 /* libpjsdp.a */,
				CECD15E522CF6534007D3497 /* libpjsip-simple.a */,
				CECD15E122CF6534007D3497 /* libpjsip-ua.a */,
				CECD15E622CF6534007D3497 /* libpjsip.a */,
				CECD15D622CF6533007D3497 /* libpjsua.a */,
				CECD15E222CF6534007D3497 /* libpjsua2.a */,
				CECD15D522CF6533007D3497 /* libresample.a */,
				CECD15DB22CF6534007D3497 /* libspeex.a */,
				CECD15D422CF6533007D3497 /* libsrtp.a */,
				CECD15D922CF6533007D3497 /* libwebrtc.a */,
				CECD15DC22CF6534007D3497 /* libyuv.a */,
				CECD15D022CF651F007D3497 /* AudioToolbox.framework */,
				CECD15CF22CF651F007D3497 /* AVFoundation.framework */,
			);
			name = Frameworks;
			sourceTree = "<group>";
		};
/* End PBXGroup section */

/* Begin PBXNativeTarget section */
		CECD15B822CF6430007D3497 /* Hello */ = {
			isa = PBXNativeTarget;
			buildConfigurationList = CECD15CB22CF6431007D3497 /* Build configuration list for PBXNativeTarget "Hello" */;
			buildPhases = (
				CECD15B522CF6430007D3497 /* Sources */,
				CECD15B622CF6430007D3497 /* Frameworks */,
				CECD15B722CF6430007D3497 /* Resources */,
			);
			buildRules = (
			);
			dependencies = (
			);
			name = Hello;
			productName = Hello;
			productReference = CECD15B922CF6430007D3497 /* Hello.app */;
			productType = "com.apple.product-type.application";
		};
/* End PBXNativeTarget section */

/* Begin PBXProject section */
		CECD15B122CF6430007D3497 /* Project object */ = {
			isa = PBXProject;
			attributes = {
				LastSwiftUpdateCheck = 1020;
				LastUpgradeCheck = 1020;
				ORGANIZATIONNAME = systec;
				TargetAttributes = {
					CECD15B822CF6430007D3497 = {
						CreatedOnToolsVersion = 10.2.1;
						LastSwiftMigration = 1020;
						SystemCapabilities = {
							com.apple.BackgroundModes = {
								enabled = 1;
							};
						};
					};
				};
			};
			buildConfigurationList = CECD15B422CF6430007D3497 /* Build configuration list for PBXProject "Hello" */;
			compatibilityVersion = "Xcode 9.3";
			developmentRegion = en;
			hasScannedForEncodings = 0;
			knownRegions = (
				en,
				Base,
			);
			mainGroup = CECD15B022CF6430007D3497;
			productRefGroup = CECD15BA22CF6430007D3497 /* Products */;
			projectDirPath = "";
			projectRoot = "";
			targets = (
				CECD15B822CF6430007D3497 /* Hello */,
			);
		};
/* End PBXProject section */

/* Begin PBXResourcesBuildPhase section */
		CECD15B722CF6430007D3497 /* Resources */ = {
			isa = PBXResourcesBuildPhase;
			buildActionMask = 2147483647;
			files = (
				CECD15C722CF6431007D3497 /* LaunchScreen.storyboard in Resources */,
				CECD15C422CF6431007D3497 /* Assets.xcassets in Resources */,
				CECD15C222CF6430007D3497 /* Main.storyboard in Resources */,
			);
			runOnlyForDeploymentPostprocessing = 0;
		};
/* End PBXResourcesBuildPhase section */

/* Begin PBXSourcesBuildPhase section */
		CECD15B522CF6430007D3497 /* Sources */ = {
			isa = PBXSourcesBuildPhase;
			buildActionMask = 2147483647;
			files = (
				CE66892C22D0A09600C61892 /* videoplayer.m in Sources */,
				CECD15FF22CF65DF007D3497 /* voip.m in Sources */,
				CE868FDB22D9CBB9007F9F16 /* MessageHandler.swift in Sources */,
				CECD15BF22CF6430007D3497 /* ViewController.swift in Sources */,
				CECD15BD22CF6430007D3497 /* AppDelegate.swift in Sources */,
				CE868FDF22D9E1A3007F9F16 /* VoipManager.swift in Sources */,
			);
			runOnlyForDeploymentPostprocessing = 0;
		};
/* End PBXSourcesBuildPhase section */

/* Begin PBXVariantGroup section */
		CECD15C022CF6430007D3497 /* Main.storyboard */ = {
			isa = PBXVariantGroup;
			children = (
				CECD15C122CF6430007D3497 /* Base */,
			);
			name = Main.storyboard;
			sourceTree = "<group>";
		};
		CECD15C522CF6431007D3497 /* LaunchScreen.storyboard */ = {
			isa = PBXVariantGroup;
			children = (
				CECD15C622CF6431007D3497 /* Base */,
			);
			name = LaunchScreen.storyboard;
			sourceTree = "<group>";
		};
/* End PBXVariantGroup section */

/* Begin XCBuildConfiguration section */
		CECD15C922CF6431007D3497 /* Debug */ = {
			isa = XCBuildConfiguration;
			buildSettings = {
				ALWAYS_SEARCH_USER_PATHS = NO;
				CLANG_ANALYZER_NONNULL = YES;
				CLANG_ANALYZER_NUMBER_OBJECT_CONVERSION = YES_AGGRESSIVE;
				CLANG_CXX_LANGUAGE_STANDARD = "gnu++14";
				CLANG_CXX_LIBRARY = "libc++";
				CLANG_ENABLE_MODULES = YES;
				CLANG_ENABLE_OBJC_ARC = YES;
				CLANG_ENABLE_OBJC_WEAK = YES;
				CLANG_WARN_BLOCK_CAPTURE_AUTORELEASING = YES;
				CLANG_WARN_BOOL_CONVERSION = YES;
				CLANG_WARN_COMMA = YES;
				CLANG_WARN_CONSTANT_CONVERSION = YES;
				CLANG_WARN_DEPRECATED_OBJC_IMPLEMENTATIONS = YES;
				CLANG_WARN_DIRECT_OBJC_ISA_USAGE = YES_ERROR;
				CLANG_WARN_DOCUMENTATION_COMMENTS = YES;
				CLANG_WARN_EMPTY_BODY = YES;
				CLANG_WARN_ENUM_CONVERSION = YES;
				CLANG_WARN_INFINITE_RECURSION = YES;
				CLANG_WARN_INT_CONVERSION = YES;
				CLANG_WARN_NON_LITERAL_NULL_CONVERSION = YES;
				CLANG_WARN_OBJC_IMPLICIT_RETAIN_SELF = YES;
				CLANG_WARN_OBJC_LITERAL_CONVERSION = YES;
				CLANG_WARN_OBJC_ROOT_CLASS = YES_ERROR;
				CLANG_WARN_RANGE_LOOP_ANALYSIS = YES;
				CLANG_WARN_STRICT_PROTOTYPES = YES;
				CLANG_WARN_SUSPICIOUS_MOVE = YES;
				CLANG_WARN_UNGUARDED_AVAILABILITY = YES_AGGRESSIVE;
				CLANG_WARN_UNREACHABLE_CODE = YES;
				CLANG_WARN__DUPLICATE_METHOD_MATCH = YES;
				CODE_SIGN_IDENTITY = "iPhone Developer";
				COPY_PHASE_STRIP = NO;
				DEBUG_INFORMATION_FORMAT = dwarf;
				ENABLE_STRICT_OBJC_MSGSEND = YES;
				ENABLE_TESTABILITY = YES;
				GCC_C_LANGUAGE_STANDARD = gnu11;
				GCC_DYNAMIC_NO_PIC = NO;
				GCC_NO_COMMON_BLOCKS = YES;
				GCC_OPTIMIZATION_LEVEL = 0;
				GCC_PREPROCESSOR_DEFINITIONS = (
					"DEBUG=1",
					"$(inherited)",
				);
				GCC_WARN_64_TO_32_BIT_CONVERSION = YES;
				GCC_WARN_ABOUT_RETURN_TYPE = YES_ERROR;
				GCC_WARN_UNDECLARED_SELECTOR = YES;
				GCC_WARN_UNINITIALIZED_AUTOS = YES_AGGRESSIVE;
				GCC_WARN_UNUSED_FUNCTION = YES;
				GCC_WARN_UNUSED_VARIABLE = YES;
				IPHONEOS_DEPLOYMENT_TARGET = 12.2;
				MTL_ENABLE_DEBUG_INFO = INCLUDE_SOURCE;
				MTL_FAST_MATH = YES;
				ONLY_ACTIVE_ARCH = YES;
				SDKROOT = iphoneos;
				SWIFT_ACTIVE_COMPILATION_CONDITIONS = DEBUG;
				SWIFT_OPTIMIZATION_LEVEL = "-Onone";
			};
			name = Debug;
		};
		CECD15CA22CF6431007D3497 /* Release */ = {
			isa = XCBuildConfiguration;
			buildSettings = {
				ALWAYS_SEARCH_USER_PATHS = NO;
				CLANG_ANALYZER_NONNULL = YES;
				CLANG_ANALYZER_NUMBER_OBJECT_CONVERSION = YES_AGGRESSIVE;
				CLANG_CXX_LANGUAGE_STANDARD = "gnu++14";
				CLANG_CXX_LIBRARY = "libc++";
				CLANG_ENABLE_MODULES = YES;
				CLANG_ENABLE_OBJC_ARC = YES;
				CLANG_ENABLE_OBJC_WEAK = YES;
				CLANG_WARN_BLOCK_CAPTURE_AUTORELEASING = YES;
				CLANG_WARN_BOOL_CONVERSION = YES;
				CLANG_WARN_COMMA = YES;
				CLANG_WARN_CONSTANT_CONVERSION = YES;
				CLANG_WARN_DEPRECATED_OBJC_IMPLEMENTATIONS = YES;
				CLANG_WARN_DIRECT_OBJC_ISA_USAGE = YES_ERROR;
				CLANG_WARN_DOCUMENTATION_COMMENTS = YES;
				CLANG_WARN_EMPTY_BODY = YES;
				CLANG_WARN_ENUM_CONVERSION = YES;
				CLANG_WARN_INFINITE_RECURSION = YES;
				CLANG_WARN_INT_CONVERSION = YES;
				CLANG_WARN_NON_LITERAL_NULL_CONVERSION = YES;
				CLANG_WARN_OBJC_IMPLICIT_RETAIN_SELF = YES;
				CLANG_WARN_OBJC_LITERAL_CONVERSION = YES;
				CLANG_WARN_OBJC_ROOT_CLASS = YES_ERROR;
				CLANG_WARN_RANGE_LOOP_ANALYSIS = YES;
				CLANG_WARN_STRICT_PROTOTYPES = YES;
				CLANG_WARN_SUSPICIOUS_MOVE = YES;
				CLANG_WARN_UNGUARDED_AVAILABILITY = YES_AGGRESSIVE;
				CLANG_WARN_UNREACHABLE_CODE = YES;
				CLANG_WARN__DUPLICATE_METHOD_MATCH = YES;
				CODE_SIGN_IDENTITY = "iPhone Developer";
				COPY_PHASE_STRIP = NO;
				DEBUG_INFORMATION_FORMAT = "dwarf-with-dsym";
				ENABLE_NS_ASSERTIONS = NO;
				ENABLE_STRICT_OBJC_MSGSEND = YES;
				GCC_C_LANGUAGE_STANDARD = gnu11;
				GCC_NO_COMMON_BLOCKS = YES;
				GCC_WARN_64_TO_32_BIT_CONVERSION = YES;
				GCC_WARN_ABOUT_RETURN_TYPE = YES_ERROR;
				GCC_WARN_UNDECLARED_SELECTOR = YES;
				GCC_WARN_UNINITIALIZED_AUTOS = YES_AGGRESSIVE;
				GCC_WARN_UNUSED_FUNCTION = YES;
				GCC_WARN_UNUSED_VARIABLE = YES;
				IPHONEOS_DEPLOYMENT_TARGET = 12.2;
				MTL_ENABLE_DEBUG_INFO = NO;
				MTL_FAST_MATH = YES;
				SDKROOT = iphoneos;
				SWIFT_COMPILATION_MODE = wholemodule;
				SWIFT_OPTIMIZATION_LEVEL = "-O";
				VALIDATE_PRODUCT = YES;
			};
			name = Release;
		};
		CECD15CC22CF6431007D3497 /* Debug */ = {
			isa = XCBuildConfiguration;
			buildSettings = {
				ASSETCATALOG_COMPILER_APPICON_NAME = AppIcon;
				CLANG_ENABLE_MODULES = YES;
				CODE_SIGN_STYLE = Automatic;
				DEVELOPMENT_TEAM = 94G4R4NH3W;
				GCC_PREPROCESSOR_DEFINITIONS = (
					"DEBUG=1",
					"PJ_AUTOCONF=1",
					USE_GUI,
				);
				HEADER_SEARCH_PATHS = (
					"$(PROJECT_DIR)/pjsip/include",
					"$(PROJECT_DIR)/FFmpeg-iOS/include",
				);
				INFOPLIST_FILE = Hello/Info.plist;
				LD_RUNPATH_SEARCH_PATHS = (
					"$(inherited)",
					"@executable_path/Frameworks",
				);
				LIBRARY_SEARCH_PATHS = (
					"$(PROJECT_DIR)/pjsip/lib",
					"$(PROJECT_DIR)/FFmpeg-iOS/lib",
				);
				PRODUCT_BUNDLE_IDENTIFIER = systechn.Hello;
				PRODUCT_NAME = "$(TARGET_NAME)";
				SWIFT_OBJC_BRIDGING_HEADER = "Hello/Hello-Bridging-Header.h";
				SWIFT_OPTIMIZATION_LEVEL = "-Onone";
				SWIFT_VERSION = 5.0;
				TARGETED_DEVICE_FAMILY = "1,2";
			};
			name = Debug;
		};
		CECD15CD22CF6431007D3497 /* Release */ = {
			isa = XCBuildConfiguration;
			buildSettings = {
				ASSETCATALOG_COMPILER_APPICON_NAME = AppIcon;
				CLANG_ENABLE_MODULES = YES;
				CODE_SIGN_STYLE = Automatic;
				DEVELOPMENT_TEAM = 94G4R4NH3W;
				GCC_PREPROCESSOR_DEFINITIONS = (
					"PJ_AUTOCONF=1",
					USE_GUI,
				);
				HEADER_SEARCH_PATHS = (
					"$(PROJECT_DIR)/pjsip/include",
					"$(PROJECT_DIR)/FFmpeg-iOS/include",
				);
				INFOPLIST_FILE = Hello/Info.plist;
				LD_RUNPATH_SEARCH_PATHS = (
					"$(inherited)",
					"@executable_path/Frameworks",
				);
				LIBRARY_SEARCH_PATHS = (
					"$(PROJECT_DIR)/pjsip/lib",
					"$(PROJECT_DIR)/FFmpeg-iOS/lib",
				);
				PRODUCT_BUNDLE_IDENTIFIER = systechn.Hello;
				PRODUCT_NAME = "$(TARGET_NAME)";
				SWIFT_OBJC_BRIDGING_HEADER = "Hello/Hello-Bridging-Header.h";
				SWIFT_VERSION = 5.0;
				TARGETED_DEVICE_FAMILY = "1,2";
			};
			name = Release;
		};
/* End XCBuildConfiguration section */

/* Begin XCConfigurationList section */
		CECD15B422CF6430007D3497 /* Build configuration list for PBXProject "Hello" */ = {
			isa = XCConfigurationList;
			buildConfigurations = (
				CECD15C922CF6431007D3497 /* Debug */,
				CECD15CA22CF6431007D3497 /* Release */,
			);
			defaultConfigurationIsVisible = 0;
			defaultConfigurationName = Release;
		};
		CECD15CB22CF6431007D3497 /* Build configuration list for PBXNativeTarget "Hello" */ = {
			isa = XCConfigurationList;
			buildConfigurations = (
				CECD15CC22CF6431007D3497 /* Debug */,
				CECD15CD22CF6431007D3497 /* Release */,
			);
			defaultConfigurationIsVisible = 0;
			defaultConfigurationName = Release;
		};
/* End XCConfigurationList section */
	};
	rootObject = CECD15B122CF6430007D3497 /* Project object */;
}
